
Microsoft Visual Studio Solution File, Format Version 12.00
# Visual Studio 15
VisualStudioVersion = 15.0.27130.2010
MinimumVisualStudioVersion = 10.0.40219.1
Project("{FAE04EC0-301F-11D3-BF4B-00C04F79EFBC}") = "BeerPal", "BeerPal.MVC5\BeerPal.csproj", "{ABEEBDEE-EDB3-4988-9A3B-C8E09D5DC2DE}"
EndProject
Project("{9A19103F-16F7-4668-BE54-9A1E7A4F7556}") = "BeerPal.Web", "BeerPal.Web\BeerPal.Web.csproj", "{48B4677A-B6ED-4E67-9AFB-783BB26029A9}"
EndProject
Project("{FAE04EC0-301F-11D3-BF4B-00C04F79EFBC}") = "BeerPal.Auth", "BeerPal.Auth\BeerPal.Auth.csproj", "{C2F8C808-89ED-4065-A7DD-0AD9295DC092}"
EndProject
Project("{FAE04EC0-301F-11D3-BF4B-00C04F79EFBC}") = "BeerPal.Api", "BeerPal.Api\BeerPal.Api.csproj", "{B6D6FD3D-0E26-4273-8022-B3023443E49A}"
EndProject
Project("{FAE04EC0-301F-11D3-BF4B-00C04F79EFBC}") = "BeerPal.Data", "BeerPal.Data\BeerPal.Data.csproj", "{3F5F396E-2775-47FA-9733-A9D6DA11FE51}"
EndProject
Global
	GlobalSection(SolutionConfigurationPlatforms) = preSolution
		Debug|Any CPU = Debug|Any CPU
		Release|Any CPU = Release|Any CPU
	EndGlobalSection
	GlobalSection(ProjectConfigurationPlatforms) = postSolution
		{ABEEBDEE-EDB3-4988-9A3B-C8E09D5DC2DE}.Debug|Any CPU.ActiveCfg = Debug|Any CPU
		{ABEEBDEE-EDB3-4988-9A3B-C8E09D5DC2DE}.Debug|Any CPU.Build.0 = Debug|Any CPU
		{ABEEBDEE-EDB3-4988-9A3B-C8E09D5DC2DE}.Release|Any CPU.ActiveCfg = Release|Any CPU
		{ABEEBDEE-EDB3-4988-9A3B-C8E09D5DC2DE}.Release|Any CPU.Build.0 = Release|Any CPU
		{48B4677A-B6ED-4E67-9AFB-783BB26029A9}.Debug|Any CPU.ActiveCfg = Debug|Any CPU
		{48B4677A-B6ED-4E67-9AFB-783BB26029A9}.Debug|Any CPU.Build.0 = Debug|Any CPU
		{48B4677A-B6ED-4E67-9AFB-783BB26029A9}.Release|Any CPU.ActiveCfg = Release|Any CPU
		{48B4677A-B6ED-4E67-9AFB-783BB26029A9}.Release|Any CPU.Build.0 = Release|Any CPU
		{C2F8C808-89ED-4065-A7DD-0AD9295DC092}.Debug|Any CPU.ActiveCfg = Debug|Any CPU
		{C2F8C808-89ED-4065-A7DD-0AD9295DC092}.Debug|Any CPU.Build.0 = Debug|Any CPU
		{C2F8C808-89ED-4065-A7DD-0AD9295DC092}.Release|Any CPU.ActiveCfg = Release|Any CPU
		{C2F8C808-89ED-4065-A7DD-0AD9295DC092}.Release|Any CPU.Build.0 = Release|Any CPU
		{B6D6FD3D-0E26-4273-8022-B3023443E49A}.Debug|Any CPU.ActiveCfg = Debug|Any CPU
		{B6D6FD3D-0E26-4273-8022-B3023443E49A}.Debug|Any CPU.Build.0 = Debug|Any CPU
		{B6D6FD3D-0E26-4273-8022-B3023443E49A}.Release|Any CPU.ActiveCfg = Release|Any CPU
		{B6D6FD3D-0E26-4273-8022-B3023443E49A}.Release|Any CPU.Build.0 = Release|Any CPU
		{3F5F396E-2775-47FA-9733-A9D6DA11FE51}.Debug|Any CPU.ActiveCfg = Debug|Any CPU
		{3F5F396E-2775-47FA-9733-A9D6DA11FE51}.Debug|Any CPU.Build.0 = Debug|Any CPU
		{3F5F396E-2775-47FA-9733-A9D6DA11FE51}.Release|Any CPU.ActiveCfg = Release|Any CPU
		{3F5F396E-2775-47FA-9733-A9D6DA11FE51}.Release|Any CPU.Build.0 = Release|Any CPU
	EndGlobalSection
	GlobalSection(SolutionProperties) = preSolution
		HideSolutionNode = FALSE
	EndGlobalSection
	GlobalSection(ExtensibilityGlobals) = postSolution
		SolutionGuid = {A566F4C1-7030-44FC-B9D4-CB0A65D3ACD3}
	EndGlobalSection
EndGlobal
